
Microsoft Visual Studio Solution File, Format Version 12.00
# Visual Studio 15
Project("{FAE04EC0-301F-11D3-BF4B-00C04F79EFBC}") = "Assembly-CSharp-Editor", "Assembly-CSharp-Editor.csproj", "{241F04B9-D53F-5230-10AE-CB727CF680C4}"
EndProject
Project("{FAE04EC0-301F-11D3-BF4B-00C04F79EFBC}") = "Firebase.App.Internal", "Firebase.App.Internal.csproj", "{09A7C4C1-64BA-CEAE-AE5C-BB3F9BC30AFF}"
EndProject
Project("{FAE04EC0-301F-11D3-BF4B-00C04F79EFBC}") = "Assembly-CSharp", "Assembly-CSharp.csproj", "{AB25CBAA-FC34-A8F4-EF54-D80436BE170D}"
EndProject
Project("{FAE04EC0-301F-11D3-BF4B-00C04F79EFBC}") = "GoogleMobileAds.Editor", "GoogleMobileAds.Editor.csproj", "{30E34FE0-72FA-3F27-EEBA-40772BDD506C}"
EndProject
Global
	GlobalSection(SolutionConfigurationPlatforms) = preSolution
		Debug|Any CPU = Debug|Any CPU
		Release|Any CPU = Release|Any CPU
	EndGlobalSection
	GlobalSection(ProjectConfigurationPlatforms) = postSolution
		{241F04B9-D53F-5230-10AE-CB727CF680C4}.Debug|Any CPU.ActiveCfg = Debug|Any CPU
		{241F04B9-D53F-5230-10AE-CB727CF680C4}.Debug|Any CPU.Build.0 = Debug|Any CPU
		{241F04B9-D53F-5230-10AE-CB727CF680C4}.Release|Any CPU.ActiveCfg = Release|Any CPU
		{241F04B9-D53F-5230-10AE-CB727CF680C4}.Release|Any CPU.Build.0 = Release|Any CPU
		{09A7C4C1-64BA-CEAE-AE5C-BB3F9BC30AFF}.Debug|Any CPU.ActiveCfg = Debug|Any CPU
		{09A7C4C1-64BA-CEAE-AE5C-BB3F9BC30AFF}.Debug|Any CPU.Build.0 = Debug|Any CPU
		{09A7C4C1-64BA-CEAE-AE5C-BB3F9BC30AFF}.Release|Any CPU.ActiveCfg = Release|Any CPU
		{09A7C4C1-64BA-CEAE-AE5C-BB3F9BC30AFF}.Release|Any CPU.Build.0 = Release|Any CPU
		{AB25CBAA-FC34-A8F4-EF54-D80436BE170D}.Debug|Any CPU.ActiveCfg = Debug|Any CPU
		{AB25CBAA-FC34-A8F4-EF54-D80436BE170D}.Debug|Any CPU.Build.0 = Debug|Any CPU
		{AB25CBAA-FC34-A8F4-EF54-D80436BE170D}.Release|Any CPU.ActiveCfg = Release|Any CPU
		{AB25CBAA-FC34-A8F4-EF54-D80436BE170D}.Release|Any CPU.Build.0 = Release|Any CPU
		{30E34FE0-72FA-3F27-EEBA-40772BDD506C}.Debug|Any CPU.ActiveCfg = Debug|Any CPU
		{30E34FE0-72FA-3F27-EEBA-40772BDD506C}.Debug|Any CPU.Build.0 = Debug|Any CPU
		{30E34FE0-72FA-3F27-EEBA-40772BDD506C}.Release|Any CPU.ActiveCfg = Release|Any CPU
		{30E34FE0-72FA-3F27-EEBA-40772BDD506C}.Release|Any CPU.Build.0 = Release|Any CPU
	EndGlobalSection
	GlobalSection(SolutionProperties) = preSolution
		HideSolutionNode = FALSE
	EndGlobalSection
EndGlobal
